// !$*UTF8*$!
{
	archiveVersion = 1;
	classes = {
	};
	objectVersion = 50;
	objects = {

/* Begin PBXBuildFile section */
		22F4A21B24CAE92000FD61E0 /* AppDelegate.swift in Sources */ = {isa = PBXBuildFile; fileRef = 22F4A21A24CAE92000FD61E0 /* AppDelegate.swift */; };
		22F4A21D24CAE92000FD61E0 /* SceneDelegate.swift in Sources */ = {isa = PBXBuildFile; fileRef = 22F4A21C24CAE92000FD61E0 /* SceneDelegate.swift */; };
		22F4A21F24CAE92000FD61E0 /* PlayerList.swift in Sources */ = {isa = PBXBuildFile; fileRef = 22F4A21E24CAE92000FD61E0 /* PlayerList.swift */; };
		22F4A22124CAE92300FD61E0 /* Assets.xcassets in Resources */ = {isa = PBXBuildFile; fileRef = 22F4A22024CAE92300FD61E0 /* Assets.xcassets */; };
		22F4A22424CAE92300FD61E0 /* Preview Assets.xcassets in Resources */ = {isa = PBXBuildFile; fileRef = 22F4A22324CAE92300FD61E0 /* Preview Assets.xcassets */; };
		22F4A22724CAE92300FD61E0 /* LaunchScreen.storyboard in Resources */ = {isa = PBXBuildFile; fileRef = 22F4A22524CAE92300FD61E0 /* LaunchScreen.storyboard */; };
		22F4A22F24CAE9EE00FD61E0 /* Players.swift in Sources */ = {isa = PBXBuildFile; fileRef = 22F4A22E24CAE9EE00FD61E0 /* Players.swift */; };
		22F4A23224CAF0AD00FD61E0 /* StatText.swift in Sources */ = {isa = PBXBuildFile; fileRef = 22F4A23124CAF0AD00FD61E0 /* StatText.swift */; };
		22F4A23424CAF10000FD61E0 /* PlayerRow.swift in Sources */ = {isa = PBXBuildFile; fileRef = 22F4A23324CAF10000FD61E0 /* PlayerRow.swift */; };
		22F4A23624CAF16E00FD61E0 /* PlayerDetail.swift in Sources */ = {isa = PBXBuildFile; fileRef = 22F4A23524CAF16E00FD61E0 /* PlayerDetail.swift */; };
/* End PBXBuildFile section */

/* Begin PBXFileReference section */
		22F4A21724CAE92000FD61E0 /* Chelsea Players.app */ = {isa = PBXFileReference; explicitFileType = wrapper.application; includeInIndex = 0; path = "Chelsea Players.app"; sourceTree = BUILT_PRODUCTS_DIR; };
		22F4A21A24CAE92000FD61E0 /* AppDelegate.swift */ = {isa = PBXFileReference; lastKnownFileType = sourcecode.swift; path = AppDelegate.swift; sourceTree = "<group>"; };
		22F4A21C24CAE92000FD61E0 /* SceneDelegate.swift */ = {isa = PBXFileReference; lastKnownFileType = sourcecode.swift; path = SceneDelegate.swift; sourceTree = "<group>"; };
		22F4A21E24CAE92000FD61E0 /* PlayerList.swift */ = {isa = PBXFileReference; lastKnownFileType = sourcecode.swift; path = PlayerList.swift; sourceTree = "<group>"; };
		22F4A22024CAE92300FD61E0 /* Assets.xcassets */ = {isa = PBXFileReference; lastKnownFileType = folder.assetcatalog; path = Assets.xcassets; sourceTree = "<group>"; };
		22F4A22324CAE92300FD61E0 /* Preview Assets.xcassets */ = {isa = PBXFileReference; lastKnownFileType = folder.assetcatalog; path = "Preview Assets.xcassets"; sourceTree = "<group>"; };
		22F4A22624CAE92300FD61E0 /* Base */ = {isa = PBXFileReference; lastKnownFileType = file.storyboard; name = Base; path = Base.lproj/LaunchScreen.storyboard; sourceTree = "<group>"; };
		22F4A22824CAE92300FD61E0 /* Info.plist */ = {isa = PBXFileReference; lastKnownFileType = text.plist.xml; path = Info.plist; sourceTree = "<group>"; };
		22F4A22E24CAE9EE00FD61E0 /* Players.swift */ = {isa = PBXFileReference; lastKnownFileType = sourcecode.swift; path = Players.swift; sourceTree = "<group>"; };
		22F4A23124CAF0AD00FD61E0 /* StatText.swift */ = {isa = PBXFileReference; lastKnownFileType = sourcecode.swift; path = StatText.swift; sourceTree = "<group>"; };
		22F4A23324CAF10000FD61E0 /* PlayerRow.swift */ = {isa = PBXFileReference; lastKnownFileType = sourcecode.swift; path = PlayerRow.swift; sourceTree = "<group>"; };
		22F4A23524CAF16E00FD61E0 /* PlayerDetail.swift */ = {isa = PBXFileReference; lastKnownFileType = sourcecode.swift; path = PlayerDetail.swift; sourceTree = "<group>"; };
/* End PBXFileReference section */

/* Begin PBXFrameworksBuildPhase section */
		22F4A21424CAE92000FD61E0 /* Frameworks */ = {
			isa = PBXFrameworksBuildPhase;
			buildActionMask = 2147483647;
			files = (
			);
			runOnlyForDeploymentPostprocessing = 0;
		};
/* End PBXFrameworksBuildPhase section */

/* Begin PBXGroup section */
		22F4A20E24CAE92000FD61E0 = {
			isa = PBXGroup;
			children = (
				22F4A21924CAE92000FD61E0 /* Chelsea Players */,
				22F4A21824CAE92000FD61E0 /* Products */,
			);
			sourceTree = "<group>";
		};
		22F4A21824CAE92000FD61E0 /* Products */ = {
			isa = PBXGroup;
			children = (
				22F4A21724CAE92000FD61E0 /* Chelsea Players.app */,
			);
			name = Products;
			sourceTree = "<group>";
		};
		22F4A21924CAE92000FD61E0 /* Chelsea Players */ = {
			isa = PBXGroup;
			children = (
				22F4A23024CAF09900FD61E0 /* Views */,
				22F4A21A24CAE92000FD61E0 /* AppDelegate.swift */,
				22F4A21C24CAE92000FD61E0 /* SceneDelegate.swift */,
				22F4A22024CAE92300FD61E0 /* Assets.xcassets */,
				22F4A22524CAE92300FD61E0 /* LaunchScreen.storyboard */,
				22F4A22824CAE92300FD61E0 /* Info.plist */,
				22F4A22224CAE92300FD61E0 /* Preview Content */,
				22F4A22E24CAE9EE00FD61E0 /* Players.swift */,
			);
			path = "Chelsea Players";
			sourceTree = "<group>";
		};
		22F4A22224CAE92300FD61E0 /* Preview Content */ = {
			isa = PBXGroup;
			children = (
				22F4A22324CAE92300FD61E0 /* Preview Assets.xcassets */,
			);
			path = "Preview Content";
			sourceTree = "<group>";
		};
		22F4A23024CAF09900FD61E0 /* Views */ = {
			isa = PBXGroup;
			children = (
				22F4A21E24CAE92000FD61E0 /* PlayerList.swift */,
				22F4A23124CAF0AD00FD61E0 /* StatText.swift */,
				22F4A23324CAF10000FD61E0 /* PlayerRow.swift */,
				22F4A23524CAF16E00FD61E0 /* PlayerDetail.swift */,
			);
			path = Views;
			sourceTree = "<group>";
		};
/* End PBXGroup section */

/* Begin PBXNativeTarget section */
		22F4A21624CAE92000FD61E0 /* Chelsea Players */ = {
			isa = PBXNativeTarget;
			buildConfigurationList = 22F4A22B24CAE92300FD61E0 /* Build configuration list for PBXNativeTarget "Chelsea Players" */;
			buildPhases = (
				22F4A21324CAE92000FD61E0 /* Sources */,
				22F4A21424CAE92000FD61E0 /* Frameworks */,
				22F4A21524CAE92000FD61E0 /* Resources */,
			);
			buildRules = (
			);
			dependencies = (
			);
			name = "Chelsea Players";
			productName = "Chelsea Players";
			productReference = 22F4A21724CAE92000FD61E0 /* Chelsea Players.app */;
			productType = "com.apple.product-type.application";
		};
/* End PBXNativeTarget section */

/* Begin PBXProject section */
		22F4A20F24CAE92000FD61E0 /* Project object */ = {
			isa = PBXProject;
			attributes = {
				LastSwiftUpdateCheck = 1140;
				LastUpgradeCheck = 1140;
				ORGANIZATIONNAME = "Pranav Badgi";
				TargetAttributes = {
					22F4A21624CAE92000FD61E0 = {
						CreatedOnToolsVersion = 11.4;
					};
				};
			};
			buildConfigurationList = 22F4A21224CAE92000FD61E0 /* Build configuration list for PBXProject "Chelsea Players" */;
			compatibilityVersion = "Xcode 9.3";
			developmentRegion = en;
			hasScannedForEncodings = 0;
			knownRegions = (
				en,
				Base,
			);
			mainGroup = 22F4A20E24CAE92000FD61E0;
			productRefGroup = 22F4A21824CAE92000FD61E0 /* Products */;
			projectDirPath = "";
			projectRoot = "";
			targets = (
				22F4A21624CAE92000FD61E0 /* Chelsea Players */,
			);
		};
/* End PBXProject section */

/* Begin PBXResourcesBuildPhase section */
		22F4A21524CAE92000FD61E0 /* Resources */ = {
			isa = PBXResourcesBuildPhase;
			buildActionMask = 2147483647;
			files = (
				22F4A22724CAE92300FD61E0 /* LaunchScreen.storyboard in Resources */,
				22F4A22424CAE92300FD61E0 /* Preview Assets.xcassets in Resources */,
				22F4A22124CAE92300FD61E0 /* Assets.xcassets in Resources */,
			);
			runOnlyForDeploymentPostprocessing = 0;
		};
/* End PBXResourcesBuildPhase section */

/* Begin PBXSourcesBuildPhase section */
		22F4A21324CAE92000FD61E0 /* Sources */ = {
			isa = PBXSourcesBuildPhase;
			buildActionMask = 2147483647;
			files = (
				22F4A22F24CAE9EE00FD61E0 /* Players.swift in Sources */,
				22F4A21B24CAE92000FD61E0 /* AppDelegate.swift in Sources */,
				22F4A21D24CAE92000FD61E0 /* SceneDelegate.swift in Sources */,
				22F4A23624CAF16E00FD61E0 /* PlayerDetail.swift in Sources */,
				22F4A21F24CAE92000FD61E0 /* PlayerList.swift in Sources */,
				22F4A23224CAF0AD00FD61E0 /* StatText.swift in Sources */,
				22F4A23424CAF10000FD61E0 /* PlayerRow.swift in Sources */,
			);
			runOnlyForDeploymentPostprocessing = 0;
		};
/* End PBXSourcesBuildPhase section */

/* Begin PBXVariantGroup section */
		22F4A22524CAE92300FD61E0 /* LaunchScreen.storyboard */ = {
			isa = PBXVariantGroup;
			children = (
				22F4A22624CAE92300FD61E0 /* Base */,
			);
			name = LaunchScreen.storyboard;
			sourceTree = "<group>";
		};
/* End PBXVariantGroup section */

/* Begin XCBuildConfiguration section */
		22F4A22924CAE92300FD61E0 /* Debug */ = {
			isa = XCBuildConfiguration;
			buildSettings = {
				ALWAYS_SEARCH_USER_PATHS = NO;
				CLANG_ANALYZER_NONNULL = YES;
				CLANG_ANALYZER_NUMBER_OBJECT_CONVERSION = YES_AGGRESSIVE;
				CLANG_CXX_LANGUAGE_STANDARD = "gnu++14";
				CLANG_CXX_LIBRARY = "libc++";
				CLANG_ENABLE_MODULES = YES;
				CLANG_ENABLE_OBJC_ARC = YES;
				CLANG_ENABLE_OBJC_WEAK = YES;
				CLANG_WARN_BLOCK_CAPTURE_AUTORELEASING = YES;
				CLANG_WARN_BOOL_CONVERSION = YES;
				CLANG_WARN_COMMA = YES;
				CLANG_WARN_CONSTANT_CONVERSION = YES;
				CLANG_WARN_DEPRECATED_OBJC_IMPLEMENTATIONS = YES;
				CLANG_WARN_DIRECT_OBJC_ISA_USAGE = YES_ERROR;
				CLANG_WARN_DOCUMENTATION_COMMENTS = YES;
				CLANG_WARN_EMPTY_BODY = YES;
				CLANG_WARN_ENUM_CONVERSION = YES;
				CLANG_WARN_INFINITE_RECURSION = YES;
				CLANG_WARN_INT_CONVERSION = YES;
				CLANG_WARN_NON_LITERAL_NULL_CONVERSION = YES;
				CLANG_WARN_OBJC_IMPLICIT_RETAIN_SELF = YES;
				CLANG_WARN_OBJC_LITERAL_CONVERSION = YES;
				CLANG_WARN_OBJC_ROOT_CLASS = YES_ERROR;
				CLANG_WARN_RANGE_LOOP_ANALYSIS = YES;
				CLANG_WARN_STRICT_PROTOTYPES = YES;
				CLANG_WARN_SUSPICIOUS_MOVE = YES;
				CLANG_WARN_UNGUARDED_AVAILABILITY = YES_AGGRESSIVE;
				CLANG_WARN_UNREACHABLE_CODE = YES;
				CLANG_WARN__DUPLICATE_METHOD_MATCH = YES;
				COPY_PHASE_STRIP = NO;
				DEBUG_INFORMATION_FORMAT = dwarf;
				ENABLE_STRICT_OBJC_MSGSEND = YES;
				ENABLE_TESTABILITY = YES;
				GCC_C_LANGUAGE_STANDARD = gnu11;
				GCC_DYNAMIC_NO_PIC = NO;
				GCC_NO_COMMON_BLOCKS = YES;
				GCC_OPTIMIZATION_LEVEL = 0;
				GCC_PREPROCESSOR_DEFINITIONS = (
					"DEBUG=1",
					"$(inherited)",
				);
				GCC_WARN_64_TO_32_BIT_CONVERSION = YES;
				GCC_WARN_ABOUT_RETURN_TYPE = YES_ERROR;
				GCC_WARN_UNDECLARED_SELECTOR = YES;
				GCC_WARN_UNINITIALIZED_AUTOS = YES_AGGRESSIVE;
				GCC_WARN_UNUSED_FUNCTION = YES;
				GCC_WARN_UNUSED_VARIABLE = YES;
				IPHONEOS_DEPLOYMENT_TARGET = 13.4;
				MTL_ENABLE_DEBUG_INFO = INCLUDE_SOURCE;
				MTL_FAST_MATH = YES;
				ONLY_ACTIVE_ARCH = YES;
				SDKROOT = iphoneos;
				SWIFT_ACTIVE_COMPILATION_CONDITIONS = DEBUG;
				SWIFT_OPTIMIZATION_LEVEL = "-Onone";
			};
			name = Debug;
		};
		22F4A22A24CAE92300FD61E0 /* Release */ = {
			isa = XCBuildConfiguration;
			buildSettings = {
				ALWAYS_SEARCH_USER_PATHS = NO;
				CLANG_ANALYZER_NONNULL = YES;
				CLANG_ANALYZER_NUMBER_OBJECT_CONVERSION = YES_AGGRESSIVE;
				CLANG_CXX_LANGUAGE_STANDARD = "gnu++14";
				CLANG_CXX_LIBRARY = "libc++";
				CLANG_ENABLE_MODULES = YES;
				CLANG_ENABLE_OBJC_ARC = YES;
				CLANG_ENABLE_OBJC_WEAK = YES;
				CLANG_WARN_BLOCK_CAPTURE_AUTORELEASING = YES;
				CLANG_WARN_BOOL_CONVERSION = YES;
				CLANG_WARN_COMMA = YES;
				CLANG_WARN_CONSTANT_CONVERSION = YES;
				CLANG_WARN_DEPRECATED_OBJC_IMPLEMENTATIONS = YES;
				CLANG_WARN_DIRECT_OBJC_ISA_USAGE = YES_ERROR;
				CLANG_WARN_DOCUMENTATION_COMMENTS = YES;
				CLANG_WARN_EMPTY_BODY = YES;
				CLANG_WARN_ENUM_CONVERSION = YES;
				CLANG_WARN_INFINITE_RECURSION = YES;
				CLANG_WARN_INT_CONVERSION = YES;
				CLANG_WARN_NON_LITERAL_NULL_CONVERSION = YES;
				CLANG_WARN_OBJC_IMPLICIT_RETAIN_SELF = YES;
				CLANG_WARN_OBJC_LITERAL_CONVERSION = YES;
				CLANG_WARN_OBJC_ROOT_CLASS = YES_ERROR;
				CLANG_WARN_RANGE_LOOP_ANALYSIS = YES;
				CLANG_WARN_STRICT_PROTOTYPES = YES;
				CLANG_WARN_SUSPICIOUS_MOVE = YES;
				CLANG_WARN_UNGUARDED_AVAILABILITY = YES_AGGRESSIVE;
				CLANG_WARN_UNREACHABLE_CODE = YES;
				CLANG_WARN__DUPLICATE_METHOD_MATCH = YES;
				COPY_PHASE_STRIP = NO;
				DEBUG_INFORMATION_FORMAT = "dwarf-with-dsym";
				ENABLE_NS_ASSERTIONS = NO;
				ENABLE_STRICT_OBJC_MSGSEND = YES;
				GCC_C_LANGUAGE_STANDARD = gnu11;
				GCC_NO_COMMON_BLOCKS = YES;
				GCC_WARN_64_TO_32_BIT_CONVERSION = YES;
				GCC_WARN_ABOUT_RETURN_TYPE = YES_ERROR;
				GCC_WARN_UNDECLARED_SELECTOR = YES;
				GCC_WARN_UNINITIALIZED_AUTOS = YES_AGGRESSIVE;
				GCC_WARN_UNUSED_FUNCTION = YES;
				GCC_WARN_UNUSED_VARIABLE = YES;
				IPHONEOS_DEPLOYMENT_TARGET = 13.4;
				MTL_ENABLE_DEBUG_INFO = NO;
				MTL_FAST_MATH = YES;
				SDKROOT = iphoneos;
				SWIFT_COMPILATION_MODE = wholemodule;
				SWIFT_OPTIMIZATION_LEVEL = "-O";
				VALIDATE_PRODUCT = YES;
			};
			name = Release;
		};
		22F4A22C24CAE92300FD61E0 /* Debug */ = {
			isa = XCBuildConfiguration;
			buildSettings = {
				ASSETCATALOG_COMPILER_APPICON_NAME = AppIcon;
				CODE_SIGN_STYLE = Automatic;
				DEVELOPMENT_ASSET_PATHS = "\"Chelsea Players/Preview Content\"";
				DEVELOPMENT_TEAM = QNJADY7N3K;
				ENABLE_PREVIEWS = YES;
				INFOPLIST_FILE = "Chelsea Players/Info.plist";
				LD_RUNPATH_SEARCH_PATHS = (
					"$(inherited)",
					"@executable_path/Frameworks",
				);
				PRODUCT_BUNDLE_IDENTIFIER = "pranavbadgi.Chelsea-Players";
				PRODUCT_NAME = "$(TARGET_NAME)";
				SWIFT_VERSION = 5.0;
				TARGETED_DEVICE_FAMILY = "1,2";
			};
			name = Debug;
		};
		22F4A22D24CAE92300FD61E0 /* Release */ = {
			isa = XCBuildConfiguration;
			buildSettings = {
				ASSETCATALOG_COMPILER_APPICON_NAME = AppIcon;
				CODE_SIGN_STYLE = Automatic;
				DEVELOPMENT_ASSET_PATHS = "\"Chelsea Players/Preview Content\"";
				DEVELOPMENT_TEAM = QNJADY7N3K;
				ENABLE_PREVIEWS = YES;
				INFOPLIST_FILE = "Chelsea Players/Info.plist";
				LD_RUNPATH_SEARCH_PATHS = (
					"$(inherited)",
					"@executable_path/Frameworks",
				);
				PRODUCT_BUNDLE_IDENTIFIER = "pranavbadgi.Chelsea-Players";
				PRODUCT_NAME = "$(TARGET_NAME)";
				SWIFT_VERSION = 5.0;
				TARGETED_DEVICE_FAMILY = "1,2";
			};
			name = Release;
		};
/* End XCBuildConfiguration section */

/* Begin XCConfigurationList section */
		22F4A21224CAE92000FD61E0 /* Build configuration list for PBXProject "Chelsea Players" */ = {
			isa = XCConfigurationList;
			buildConfigurations = (
				22F4A22924CAE92300FD61E0 /* Debug */,
				22F4A22A24CAE92300FD61E0 /* Release */,
			);
			defaultConfigurationIsVisible = 0;
			defaultConfigurationName = Release;
		};
		22F4A22B24CAE92300FD61E0 /* Build configuration list for PBXNativeTarget "Chelsea Players" */ = {
			isa = XCConfigurationList;
			buildConfigurations = (
				22F4A22C24CAE92300FD61E0 /* Debug */,
				22F4A22D24CAE92300FD61E0 /* Release */,
			);
			defaultConfigurationIsVisible = 0;
			defaultConfigurationName = Release;
		};
/* End XCConfigurationList section */
	};
	rootObject = 22F4A20F24CAE92000FD61E0 /* Project object */;
}
